// !$*UTF8*$!
{
	archiveVersion = 1;
	classes = {
	};
	objectVersion = 55;
	objects = {

/* Begin PBXBuildFile section */
		714D09212858C434001B7302 /* AnimalFact.swift in Sources */ = {isa = PBXBuildFile; fileRef = 714D09202858C434001B7302 /* AnimalFact.swift */; };
		714D09232858C488001B7302 /* AnimalCategory.swift in Sources */ = {isa = PBXBuildFile; fileRef = 714D09222858C488001B7302 /* AnimalCategory.swift */; };
		714D09282858CCB3001B7302 /* AnimalCategoriesViewModel.swift in Sources */ = {isa = PBXBuildFile; fileRef = 714D09272858CCB3001B7302 /* AnimalCategoriesViewModel.swift */; };
		714D092A2858D2F2001B7302 /* AnimalCategoryCell.swift in Sources */ = {isa = PBXBuildFile; fileRef = 714D09292858D2F2001B7302 /* AnimalCategoryCell.swift */; };
		716C9E952858B3E0002DCA23 /* TestAppApp.swift in Sources */ = {isa = PBXBuildFile; fileRef = 716C9E942858B3E0002DCA23 /* TestAppApp.swift */; };
		716C9E972858B3E0002DCA23 /* AnimalCategoriesView.swift in Sources */ = {isa = PBXBuildFile; fileRef = 716C9E962858B3E0002DCA23 /* AnimalCategoriesView.swift */; };
		716C9E992858B3E1002DCA23 /* Assets.xcassets in Resources */ = {isa = PBXBuildFile; fileRef = 716C9E982858B3E1002DCA23 /* Assets.xcassets */; };
		716C9E9C2858B3E1002DCA23 /* Preview Assets.xcassets in Resources */ = {isa = PBXBuildFile; fileRef = 716C9E9B2858B3E1002DCA23 /* Preview Assets.xcassets */; };
		71718DF4285B2D650074EA85 /* AlertItem.swift in Sources */ = {isa = PBXBuildFile; fileRef = 71718DF3285B2D650074EA85 /* AlertItem.swift */; };
		71718DF7285B5F6A0074EA85 /* Kingfisher in Frameworks */ = {isa = PBXBuildFile; productRef = 71718DF6285B5F6A0074EA85 /* Kingfisher */; };
		71718DFA285B904B0074EA85 /* AppAssembly.swift in Sources */ = {isa = PBXBuildFile; fileRef = 71718DF9285B904B0074EA85 /* AppAssembly.swift */; };
		717A0A9B2858F29100A451D0 /* APIError.swift in Sources */ = {isa = PBXBuildFile; fileRef = 717A0A9A2858F29100A451D0 /* APIError.swift */; };
		717A0A9D2858F2F900A451D0 /* NetworkService.swift in Sources */ = {isa = PBXBuildFile; fileRef = 717A0A9C2858F2F900A451D0 /* NetworkService.swift */; };
		717A0A9F2858F4C600A451D0 /* AnimalsEndpoint.swift in Sources */ = {isa = PBXBuildFile; fileRef = 717A0A9E2858F4C600A451D0 /* AnimalsEndpoint.swift */; };
		717A0AA12858F60000A451D0 /* AnimalsNetworkService.swift in Sources */ = {isa = PBXBuildFile; fileRef = 717A0AA02858F60000A451D0 /* AnimalsNetworkService.swift */; };
		71D8C97F2859E679008210DC /* AnimalFactsView.swift in Sources */ = {isa = PBXBuildFile; fileRef = 71D8C97E2859E679008210DC /* AnimalFactsView.swift */; };
		71D8C9812859E68D008210DC /* AnimalFactsViewModel.swift in Sources */ = {isa = PBXBuildFile; fileRef = 71D8C9802859E68D008210DC /* AnimalFactsViewModel.swift */; };
		71D8C983285A3AA2008210DC /* SingleFactView.swift in Sources */ = {isa = PBXBuildFile; fileRef = 71D8C982285A3AA2008210DC /* SingleFactView.swift */; };
/* End PBXBuildFile section */

/* Begin PBXFileReference section */
		714D09202858C434001B7302 /* AnimalFact.swift */ = {isa = PBXFileReference; lastKnownFileType = sourcecode.swift; path = AnimalFact.swift; sourceTree = "<group>"; };
		714D09222858C488001B7302 /* AnimalCategory.swift */ = {isa = PBXFileReference; lastKnownFileType = sourcecode.swift; path = AnimalCategory.swift; sourceTree = "<group>"; };
		714D09272858CCB3001B7302 /* AnimalCategoriesViewModel.swift */ = {isa = PBXFileReference; lastKnownFileType = sourcecode.swift; path = AnimalCategoriesViewModel.swift; sourceTree = "<group>"; };
		714D09292858D2F2001B7302 /* AnimalCategoryCell.swift */ = {isa = PBXFileReference; lastKnownFileType = sourcecode.swift; path = AnimalCategoryCell.swift; sourceTree = "<group>"; };
		716C9E912858B3E0002DCA23 /* TestApp.app */ = {isa = PBXFileReference; explicitFileType = wrapper.application; includeInIndex = 0; path = TestApp.app; sourceTree = BUILT_PRODUCTS_DIR; };
		716C9E942858B3E0002DCA23 /* TestAppApp.swift */ = {isa = PBXFileReference; lastKnownFileType = sourcecode.swift; path = TestAppApp.swift; sourceTree = "<group>"; };
		716C9E962858B3E0002DCA23 /* AnimalCategoriesView.swift */ = {isa = PBXFileReference; lastKnownFileType = sourcecode.swift; path = AnimalCategoriesView.swift; sourceTree = "<group>"; };
		716C9E982858B3E1002DCA23 /* Assets.xcassets */ = {isa = PBXFileReference; lastKnownFileType = folder.assetcatalog; path = Assets.xcassets; sourceTree = "<group>"; };
		716C9E9B2858B3E1002DCA23 /* Preview Assets.xcassets */ = {isa = PBXFileReference; lastKnownFileType = folder.assetcatalog; path = "Preview Assets.xcassets"; sourceTree = "<group>"; };
		71718DF3285B2D650074EA85 /* AlertItem.swift */ = {isa = PBXFileReference; lastKnownFileType = sourcecode.swift; path = AlertItem.swift; sourceTree = "<group>"; };
		71718DF9285B904B0074EA85 /* AppAssembly.swift */ = {isa = PBXFileReference; lastKnownFileType = sourcecode.swift; path = AppAssembly.swift; sourceTree = "<group>"; };
		717A0A9A2858F29100A451D0 /* APIError.swift */ = {isa = PBXFileReference; lastKnownFileType = sourcecode.swift; path = APIError.swift; sourceTree = "<group>"; };
		717A0A9C2858F2F900A451D0 /* NetworkService.swift */ = {isa = PBXFileReference; lastKnownFileType = sourcecode.swift; path = NetworkService.swift; sourceTree = "<group>"; };
		717A0A9E2858F4C600A451D0 /* AnimalsEndpoint.swift */ = {isa = PBXFileReference; lastKnownFileType = sourcecode.swift; path = AnimalsEndpoint.swift; sourceTree = "<group>"; };
		717A0AA02858F60000A451D0 /* AnimalsNetworkService.swift */ = {isa = PBXFileReference; lastKnownFileType = sourcecode.swift; path = AnimalsNetworkService.swift; sourceTree = "<group>"; };
		71D8C97E2859E679008210DC /* AnimalFactsView.swift */ = {isa = PBXFileReference; lastKnownFileType = sourcecode.swift; path = AnimalFactsView.swift; sourceTree = "<group>"; };
		71D8C9802859E68D008210DC /* AnimalFactsViewModel.swift */ = {isa = PBXFileReference; lastKnownFileType = sourcecode.swift; path = AnimalFactsViewModel.swift; sourceTree = "<group>"; };
		71D8C982285A3AA2008210DC /* SingleFactView.swift */ = {isa = PBXFileReference; lastKnownFileType = sourcecode.swift; path = SingleFactView.swift; sourceTree = "<group>"; };
/* End PBXFileReference section */

/* Begin PBXFrameworksBuildPhase section */
		716C9E8E2858B3E0002DCA23 /* Frameworks */ = {
			isa = PBXFrameworksBuildPhase;
			buildActionMask = 2147483647;
			files = (
				71718DF7285B5F6A0074EA85 /* Kingfisher in Frameworks */,
			);
			runOnlyForDeploymentPostprocessing = 0;
		};
/* End PBXFrameworksBuildPhase section */

/* Begin PBXGroup section */
		714D091F2858C40D001B7302 /* Models */ = {
			isa = PBXGroup;
			children = (
				714D09202858C434001B7302 /* AnimalFact.swift */,
				714D09222858C488001B7302 /* AnimalCategory.swift */,
			);
			path = Models;
			sourceTree = "<group>";
		};
		714D09242858CC83001B7302 /* AnimalCategories */ = {
			isa = PBXGroup;
			children = (
				714D09262858CC9F001B7302 /* View */,
				714D09252858CC99001B7302 /* ViewModel */,
			);
			path = AnimalCategories;
			sourceTree = "<group>";
		};
		714D09252858CC99001B7302 /* ViewModel */ = {
			isa = PBXGroup;
			children = (
				714D09272858CCB3001B7302 /* AnimalCategoriesViewModel.swift */,
			);
			path = ViewModel;
			sourceTree = "<group>";
		};
		714D09262858CC9F001B7302 /* View */ = {
			isa = PBXGroup;
			children = (
				716C9E962858B3E0002DCA23 /* AnimalCategoriesView.swift */,
				714D09292858D2F2001B7302 /* AnimalCategoryCell.swift */,
			);
			path = View;
			sourceTree = "<group>";
		};
		716C9E882858B3E0002DCA23 = {
			isa = PBXGroup;
			children = (
				716C9E932858B3E0002DCA23 /* TestApp */,
				716C9E922858B3E0002DCA23 /* Products */,
			);
			sourceTree = "<group>";
		};
		716C9E922858B3E0002DCA23 /* Products */ = {
			isa = PBXGroup;
			children = (
				716C9E912858B3E0002DCA23 /* TestApp.app */,
			);
			name = Products;
			sourceTree = "<group>";
		};
		716C9E932858B3E0002DCA23 /* TestApp */ = {
			isa = PBXGroup;
			children = (
				71718DF8285B8F420074EA85 /* AppAssembly */,
				71718DF2285B2D550074EA85 /* Utilities */,
				717A0A962858F22400A451D0 /* Managers */,
				71D8C97B2859E5CC008210DC /* AnimalFacts */,
				714D09242858CC83001B7302 /* AnimalCategories */,
				714D091F2858C40D001B7302 /* Models */,
				716C9E942858B3E0002DCA23 /* TestAppApp.swift */,
				716C9E982858B3E1002DCA23 /* Assets.xcassets */,
				716C9E9A2858B3E1002DCA23 /* Preview Content */,
			);
			path = TestApp;
			sourceTree = "<group>";
		};
		716C9E9A2858B3E1002DCA23 /* Preview Content */ = {
			isa = PBXGroup;
			children = (
				716C9E9B2858B3E1002DCA23 /* Preview Assets.xcassets */,
			);
			path = "Preview Content";
			sourceTree = "<group>";
		};
		71718DF2285B2D550074EA85 /* Utilities */ = {
			isa = PBXGroup;
			children = (
				71718DF3285B2D650074EA85 /* AlertItem.swift */,
			);
			path = Utilities;
			sourceTree = "<group>";
		};
		71718DF8285B8F420074EA85 /* AppAssembly */ = {
			isa = PBXGroup;
			children = (
				71718DF9285B904B0074EA85 /* AppAssembly.swift */,
			);
			path = AppAssembly;
			sourceTree = "<group>";
		};
		717A0A962858F22400A451D0 /* Managers */ = {
			isa = PBXGroup;
			children = (
				717A0A972858F22D00A451D0 /* NetworkManager */,
			);
			path = Managers;
			sourceTree = "<group>";
		};
		717A0A972858F22D00A451D0 /* NetworkManager */ = {
			isa = PBXGroup;
			children = (
				717A0A9A2858F29100A451D0 /* APIError.swift */,
				717A0A9C2858F2F900A451D0 /* NetworkService.swift */,
				717A0A9E2858F4C600A451D0 /* AnimalsEndpoint.swift */,
				717A0AA02858F60000A451D0 /* AnimalsNetworkService.swift */,
			);
			path = NetworkManager;
			sourceTree = "<group>";
		};
		71D8C97B2859E5CC008210DC /* AnimalFacts */ = {
			isa = PBXGroup;
			children = (
				71D8C97D2859E5DE008210DC /* ViewModel */,
				71D8C97C2859E5D9008210DC /* View */,
			);
			path = AnimalFacts;
			sourceTree = "<group>";
		};
		71D8C97C2859E5D9008210DC /* View */ = {
			isa = PBXGroup;
			children = (
				71D8C97E2859E679008210DC /* AnimalFactsView.swift */,
				71D8C982285A3AA2008210DC /* SingleFactView.swift */,
			);
			path = View;
			sourceTree = "<group>";
		};
		71D8C97D2859E5DE008210DC /* ViewModel */ = {
			isa = PBXGroup;
			children = (
				71D8C9802859E68D008210DC /* AnimalFactsViewModel.swift */,
			);
			path = ViewModel;
			sourceTree = "<group>";
		};
/* End PBXGroup section */

/* Begin PBXNativeTarget section */
		716C9E902858B3E0002DCA23 /* TestApp */ = {
			isa = PBXNativeTarget;
			buildConfigurationList = 716C9E9F2858B3E1002DCA23 /* Build configuration list for PBXNativeTarget "TestApp" */;
			buildPhases = (
				716C9E8D2858B3E0002DCA23 /* Sources */,
				716C9E8E2858B3E0002DCA23 /* Frameworks */,
				716C9E8F2858B3E0002DCA23 /* Resources */,
			);
			buildRules = (
			);
			dependencies = (
			);
			name = TestApp;
			packageProductDependencies = (
				71718DF6285B5F6A0074EA85 /* Kingfisher */,
			);
			productName = TestApp;
			productReference = 716C9E912858B3E0002DCA23 /* TestApp.app */;
			productType = "com.apple.product-type.application";
		};
/* End PBXNativeTarget section */

/* Begin PBXProject section */
		716C9E892858B3E0002DCA23 /* Project object */ = {
			isa = PBXProject;
			attributes = {
				BuildIndependentTargetsInParallel = 1;
				LastSwiftUpdateCheck = 1340;
				LastUpgradeCheck = 1340;
				TargetAttributes = {
					716C9E902858B3E0002DCA23 = {
						CreatedOnToolsVersion = 13.4.1;
					};
				};
			};
			buildConfigurationList = 716C9E8C2858B3E0002DCA23 /* Build configuration list for PBXProject "TestApp" */;
			compatibilityVersion = "Xcode 13.0";
			developmentRegion = en;
			hasScannedForEncodings = 0;
			knownRegions = (
				en,
				Base,
			);
			mainGroup = 716C9E882858B3E0002DCA23;
			packageReferences = (
				71718DF5285B5F6A0074EA85 /* XCRemoteSwiftPackageReference "Kingfisher" */,
			);
			productRefGroup = 716C9E922858B3E0002DCA23 /* Products */;
			projectDirPath = "";
			projectRoot = "";
			targets = (
				716C9E902858B3E0002DCA23 /* TestApp */,
			);
		};
/* End PBXProject section */

/* Begin PBXResourcesBuildPhase section */
		716C9E8F2858B3E0002DCA23 /* Resources */ = {
			isa = PBXResourcesBuildPhase;
			buildActionMask = 2147483647;
			files = (
				716C9E9C2858B3E1002DCA23 /* Preview Assets.xcassets in Resources */,
				716C9E992858B3E1002DCA23 /* Assets.xcassets in Resources */,
			);
			runOnlyForDeploymentPostprocessing = 0;
		};
/* End PBXResourcesBuildPhase section */

/* Begin PBXSourcesBuildPhase section */
		716C9E8D2858B3E0002DCA23 /* Sources */ = {
			isa = PBXSourcesBuildPhase;
			buildActionMask = 2147483647;
			files = (
				71D8C97F2859E679008210DC /* AnimalFactsView.swift in Sources */,
				717A0A9F2858F4C600A451D0 /* AnimalsEndpoint.swift in Sources */,
				714D09282858CCB3001B7302 /* AnimalCategoriesViewModel.swift in Sources */,
				717A0A9B2858F29100A451D0 /* APIError.swift in Sources */,
				714D092A2858D2F2001B7302 /* AnimalCategoryCell.swift in Sources */,
				71D8C983285A3AA2008210DC /* SingleFactView.swift in Sources */,
				716C9E972858B3E0002DCA23 /* AnimalCategoriesView.swift in Sources */,
				71718DF4285B2D650074EA85 /* AlertItem.swift in Sources */,
				714D09212858C434001B7302 /* AnimalFact.swift in Sources */,
				717A0A9D2858F2F900A451D0 /* NetworkService.swift in Sources */,
				71D8C9812859E68D008210DC /* AnimalFactsViewModel.swift in Sources */,
				716C9E952858B3E0002DCA23 /* TestAppApp.swift in Sources */,
				71718DFA285B904B0074EA85 /* AppAssembly.swift in Sources */,
				717A0AA12858F60000A451D0 /* AnimalsNetworkService.swift in Sources */,
				714D09232858C488001B7302 /* AnimalCategory.swift in Sources */,
			);
			runOnlyForDeploymentPostprocessing = 0;
		};
/* End PBXSourcesBuildPhase section */

/* Begin XCBuildConfiguration section */
		716C9E9D2858B3E1002DCA23 /* Debug */ = {
			isa = XCBuildConfiguration;
			buildSettings = {
				ALWAYS_SEARCH_USER_PATHS = NO;
				CLANG_ANALYZER_NONNULL = YES;
				CLANG_ANALYZER_NUMBER_OBJECT_CONVERSION = YES_AGGRESSIVE;
				CLANG_CXX_LANGUAGE_STANDARD = "gnu++17";
				CLANG_ENABLE_MODULES = YES;
				CLANG_ENABLE_OBJC_ARC = YES;
				CLANG_ENABLE_OBJC_WEAK = YES;
				CLANG_WARN_BLOCK_CAPTURE_AUTORELEASING = YES;
				CLANG_WARN_BOOL_CONVERSION = YES;
				CLANG_WARN_COMMA = YES;
				CLANG_WARN_CONSTANT_CONVERSION = YES;
				CLANG_WARN_DEPRECATED_OBJC_IMPLEMENTATIONS = YES;
				CLANG_WARN_DIRECT_OBJC_ISA_USAGE = YES_ERROR;
				CLANG_WARN_DOCUMENTATION_COMMENTS = YES;
				CLANG_WARN_EMPTY_BODY = YES;
				CLANG_WARN_ENUM_CONVERSION = YES;
				CLANG_WARN_INFINITE_RECURSION = YES;
				CLANG_WARN_INT_CONVERSION = YES;
				CLANG_WARN_NON_LITERAL_NULL_CONVERSION = YES;
				CLANG_WARN_OBJC_IMPLICIT_RETAIN_SELF = YES;
				CLANG_WARN_OBJC_LITERAL_CONVERSION = YES;
				CLANG_WARN_OBJC_ROOT_CLASS = YES_ERROR;
				CLANG_WARN_QUOTED_INCLUDE_IN_FRAMEWORK_HEADER = YES;
				CLANG_WARN_RANGE_LOOP_ANALYSIS = YES;
				CLANG_WARN_STRICT_PROTOTYPES = YES;
				CLANG_WARN_SUSPICIOUS_MOVE = YES;
				CLANG_WARN_UNGUARDED_AVAILABILITY = YES_AGGRESSIVE;
				CLANG_WARN_UNREACHABLE_CODE = YES;
				CLANG_WARN__DUPLICATE_METHOD_MATCH = YES;
				COPY_PHASE_STRIP = NO;
				DEBUG_INFORMATION_FORMAT = dwarf;
				ENABLE_STRICT_OBJC_MSGSEND = YES;
				ENABLE_TESTABILITY = YES;
				GCC_C_LANGUAGE_STANDARD = gnu11;
				GCC_DYNAMIC_NO_PIC = NO;
				GCC_NO_COMMON_BLOCKS = YES;
				GCC_OPTIMIZATION_LEVEL = 0;
				GCC_PREPROCESSOR_DEFINITIONS = (
					"DEBUG=1",
					"$(inherited)",
				);
				GCC_WARN_64_TO_32_BIT_CONVERSION = YES;
				GCC_WARN_ABOUT_RETURN_TYPE = YES_ERROR;
				GCC_WARN_UNDECLARED_SELECTOR = YES;
				GCC_WARN_UNINITIALIZED_AUTOS = YES_AGGRESSIVE;
				GCC_WARN_UNUSED_FUNCTION = YES;
				GCC_WARN_UNUSED_VARIABLE = YES;
				IPHONEOS_DEPLOYMENT_TARGET = 15.5;
				MTL_ENABLE_DEBUG_INFO = INCLUDE_SOURCE;
				MTL_FAST_MATH = YES;
				ONLY_ACTIVE_ARCH = YES;
				SDKROOT = iphoneos;
				SWIFT_ACTIVE_COMPILATION_CONDITIONS = DEBUG;
				SWIFT_OPTIMIZATION_LEVEL = "-Onone";
			};
			name = Debug;
		};
		716C9E9E2858B3E1002DCA23 /* Release */ = {
			isa = XCBuildConfiguration;
			buildSettings = {
				ALWAYS_SEARCH_USER_PATHS = NO;
				CLANG_ANALYZER_NONNULL = YES;
				CLANG_ANALYZER_NUMBER_OBJECT_CONVERSION = YES_AGGRESSIVE;
				CLANG_CXX_LANGUAGE_STANDARD = "gnu++17";
				CLANG_ENABLE_MODULES = YES;
				CLANG_ENABLE_OBJC_ARC = YES;
				CLANG_ENABLE_OBJC_WEAK = YES;
				CLANG_WARN_BLOCK_CAPTURE_AUTORELEASING = YES;
				CLANG_WARN_BOOL_CONVERSION = YES;
				CLANG_WARN_COMMA = YES;
				CLANG_WARN_CONSTANT_CONVERSION = YES;
				CLANG_WARN_DEPRECATED_OBJC_IMPLEMENTATIONS = YES;
				CLANG_WARN_DIRECT_OBJC_ISA_USAGE = YES_ERROR;
				CLANG_WARN_DOCUMENTATION_COMMENTS = YES;
				CLANG_WARN_EMPTY_BODY = YES;
				CLANG_WARN_ENUM_CONVERSION = YES;
				CLANG_WARN_INFINITE_RECURSION = YES;
				CLANG_WARN_INT_CONVERSION = YES;
				CLANG_WARN_NON_LITERAL_NULL_CONVERSION = YES;
				CLANG_WARN_OBJC_IMPLICIT_RETAIN_SELF = YES;
				CLANG_WARN_OBJC_LITERAL_CONVERSION = YES;
				CLANG_WARN_OBJC_ROOT_CLASS = YES_ERROR;
				CLANG_WARN_QUOTED_INCLUDE_IN_FRAMEWORK_HEADER = YES;
				CLANG_WARN_RANGE_LOOP_ANALYSIS = YES;
				CLANG_WARN_STRICT_PROTOTYPES = YES;
				CLANG_WARN_SUSPICIOUS_MOVE = YES;
				CLANG_WARN_UNGUARDED_AVAILABILITY = YES_AGGRESSIVE;
				CLANG_WARN_UNREACHABLE_CODE = YES;
				CLANG_WARN__DUPLICATE_METHOD_MATCH = YES;
				COPY_PHASE_STRIP = NO;
				DEBUG_INFORMATION_FORMAT = "dwarf-with-dsym";
				ENABLE_NS_ASSERTIONS = NO;
				ENABLE_STRICT_OBJC_MSGSEND = YES;
				GCC_C_LANGUAGE_STANDARD = gnu11;
				GCC_NO_COMMON_BLOCKS = YES;
				GCC_WARN_64_TO_32_BIT_CONVERSION = YES;
				GCC_WARN_ABOUT_RETURN_TYPE = YES_ERROR;
				GCC_WARN_UNDECLARED_SELECTOR = YES;
				GCC_WARN_UNINITIALIZED_AUTOS = YES_AGGRESSIVE;
				GCC_WARN_UNUSED_FUNCTION = YES;
				GCC_WARN_UNUSED_VARIABLE = YES;
				IPHONEOS_DEPLOYMENT_TARGET = 15.5;
				MTL_ENABLE_DEBUG_INFO = NO;
				MTL_FAST_MATH = YES;
				SDKROOT = iphoneos;
				SWIFT_COMPILATION_MODE = wholemodule;
				SWIFT_OPTIMIZATION_LEVEL = "-O";
				VALIDATE_PRODUCT = YES;
			};
			name = Release;
		};
		716C9EA02858B3E1002DCA23 /* Debug */ = {
			isa = XCBuildConfiguration;
			buildSettings = {
				ASSETCATALOG_COMPILER_APPICON_NAME = AppIcon;
				ASSETCATALOG_COMPILER_GLOBAL_ACCENT_COLOR_NAME = AccentColor;
				CODE_SIGN_STYLE = Automatic;
				CURRENT_PROJECT_VERSION = 1;
				DEVELOPMENT_ASSET_PATHS = "\"TestApp/Preview Content\"";
				DEVELOPMENT_TEAM = 2X5JHW9SJ3;
				ENABLE_PREVIEWS = YES;
				GENERATE_INFOPLIST_FILE = YES;
				INFOPLIST_KEY_UIApplicationSceneManifest_Generation = YES;
				INFOPLIST_KEY_UIApplicationSupportsIndirectInputEvents = YES;
				INFOPLIST_KEY_UILaunchScreen_Generation = YES;
				INFOPLIST_KEY_UISupportedInterfaceOrientations_iPad = "UIInterfaceOrientationPortrait UIInterfaceOrientationPortraitUpsideDown UIInterfaceOrientationLandscapeLeft UIInterfaceOrientationLandscapeRight";
				INFOPLIST_KEY_UISupportedInterfaceOrientations_iPhone = "UIInterfaceOrientationPortrait UIInterfaceOrientationLandscapeLeft UIInterfaceOrientationLandscapeRight";
				LD_RUNPATH_SEARCH_PATHS = (
					"$(inherited)",
					"@executable_path/Frameworks",
				);
				MARKETING_VERSION = 1.0;
				PRODUCT_BUNDLE_IDENTIFIER = com.artemhavrylenko2019.TestApp;
				PRODUCT_NAME = "$(TARGET_NAME)";
				SWIFT_EMIT_LOC_STRINGS = YES;
				SWIFT_VERSION = 5.0;
				TARGETED_DEVICE_FAMILY = "1,2";
			};
			name = Debug;
		};
		716C9EA12858B3E1002DCA23 /* Release */ = {
			isa = XCBuildConfiguration;
			buildSettings = {
				ASSETCATALOG_COMPILER_APPICON_NAME = AppIcon;
				ASSETCATALOG_COMPILER_GLOBAL_ACCENT_COLOR_NAME = AccentColor;
				CODE_SIGN_STYLE = Automatic;
				CURRENT_PROJECT_VERSION = 1;
				DEVELOPMENT_ASSET_PATHS = "\"TestApp/Preview Content\"";
				DEVELOPMENT_TEAM = 2X5JHW9SJ3;
				ENABLE_PREVIEWS = YES;
				GENERATE_INFOPLIST_FILE = YES;
				INFOPLIST_KEY_UIApplicationSceneManifest_Generation = YES;
				INFOPLIST_KEY_UIApplicationSupportsIndirectInputEvents = YES;
				INFOPLIST_KEY_UILaunchScreen_Generation = YES;
				INFOPLIST_KEY_UISupportedInterfaceOrientations_iPad = "UIInterfaceOrientationPortrait UIInterfaceOrientationPortraitUpsideDown UIInterfaceOrientationLandscapeLeft UIInterfaceOrientationLandscapeRight";
				INFOPLIST_KEY_UISupportedInterfaceOrientations_iPhone = "UIInterfaceOrientationPortrait UIInterfaceOrientationLandscapeLeft UIInterfaceOrientationLandscapeRight";
				LD_RUNPATH_SEARCH_PATHS = (
					"$(inherited)",
					"@executable_path/Frameworks",
				);
				MARKETING_VERSION = 1.0;
				PRODUCT_BUNDLE_IDENTIFIER = com.artemhavrylenko2019.TestApp;
				PRODUCT_NAME = "$(TARGET_NAME)";
				SWIFT_EMIT_LOC_STRINGS = YES;
				SWIFT_VERSION = 5.0;
				TARGETED_DEVICE_FAMILY = "1,2";
			};
			name = Release;
		};
/* End XCBuildConfiguration section */

/* Begin XCConfigurationList section */
		716C9E8C2858B3E0002DCA23 /* Build configuration list for PBXProject "TestApp" */ = {
			isa = XCConfigurationList;
			buildConfigurations = (
				716C9E9D2858B3E1002DCA23 /* Debug */,
				716C9E9E2858B3E1002DCA23 /* Release */,
			);
			defaultConfigurationIsVisible = 0;
			defaultConfigurationName = Release;
		};
		716C9E9F2858B3E1002DCA23 /* Build configuration list for PBXNativeTarget "TestApp" */ = {
			isa = XCConfigurationList;
			buildConfigurations = (
				716C9EA02858B3E1002DCA23 /* Debug */,
				716C9EA12858B3E1002DCA23 /* Release */,
			);
			defaultConfigurationIsVisible = 0;
			defaultConfigurationName = Release;
		};
/* End XCConfigurationList section */

/* Begin XCRemoteSwiftPackageReference section */
		71718DF5285B5F6A0074EA85 /* XCRemoteSwiftPackageReference "Kingfisher" */ = {
			isa = XCRemoteSwiftPackageReference;
			repositoryURL = "https://github.com/onevcat/Kingfisher.git";
			requirement = {
				kind = upToNextMajorVersion;
				minimumVersion = 7.0.0;
			};
		};
/* End XCRemoteSwiftPackageReference section */

/* Begin XCSwiftPackageProductDependency section */
		71718DF6285B5F6A0074EA85 /* Kingfisher */ = {
			isa = XCSwiftPackageProductDependency;
			package = 71718DF5285B5F6A0074EA85 /* XCRemoteSwiftPackageReference "Kingfisher" */;
			productName = Kingfisher;
		};
/* End XCSwiftPackageProductDependency section */
	};
	rootObject = 716C9E892858B3E0002DCA23 /* Project object */;
}
